
Microsoft Visual Studio Solution File, Format Version 12.00
Project("{FAE04EC0-301F-11D3-BF4B-00C04F79EFBC}") = "backendpl", "backendpl\backendpl.csproj", "{9C2AC4E9-9273-43AF-A108-0E2672FC2130}"
EndProject
Project("{FAE04EC0-301F-11D3-BF4B-00C04F79EFBC}") = "backendpltests", "backendpltests\backendpltests.csproj", "{C5D8EFA7-891B-47A8-8805-B75E6279B7E0}"
EndProject
Global
	GlobalSection(SolutionConfigurationPlatforms) = preSolution
		Debug|Any CPU = Debug|Any CPU
		Release|Any CPU = Release|Any CPU
	EndGlobalSection
	GlobalSection(ProjectConfigurationPlatforms) = postSolution
		{9C2AC4E9-9273-43AF-A108-0E2672FC2130}.Debug|Any CPU.ActiveCfg = Debug|Any CPU
		{9C2AC4E9-9273-43AF-A108-0E2672FC2130}.Debug|Any CPU.Build.0 = Debug|Any CPU
		{9C2AC4E9-9273-43AF-A108-0E2672FC2130}.Release|Any CPU.ActiveCfg = Release|Any CPU
		{9C2AC4E9-9273-43AF-A108-0E2672FC2130}.Release|Any CPU.Build.0 = Release|Any CPU
		{C5D8EFA7-891B-47A8-8805-B75E6279B7E0}.Debug|Any CPU.ActiveCfg = Debug|Any CPU
		{C5D8EFA7-891B-47A8-8805-B75E6279B7E0}.Debug|Any CPU.Build.0 = Debug|Any CPU
		{C5D8EFA7-891B-47A8-8805-B75E6279B7E0}.Release|Any CPU.ActiveCfg = Release|Any CPU
		{C5D8EFA7-891B-47A8-8805-B75E6279B7E0}.Release|Any CPU.Build.0 = Release|Any CPU
	EndGlobalSection
EndGlobal
